
Microsoft Visual Studio Solution File, Format Version 12.00
# Visual Studio Version 16
VisualStudioVersion = 16.0.29519.181
MinimumVisualStudioVersion = 10.0.40219.1
Project("{9A19103F-16F7-4668-BE54-9A1E7A4F7556}") = "QuizApplication.WebApp", "QuizApplication.WebApp.csproj", "{9ECB23FF-70B6-4FE4-ADA9-11E33ACE729B}"
	ProjectSection(ProjectDependencies) = postProject
		{00371FCD-775A-4065-8D38-9E17D4CF4606} = {00371FCD-775A-4065-8D38-9E17D4CF4606}
	EndProjectSection
EndProject
Project("{9A19103F-16F7-4668-BE54-9A1E7A4F7556}") = "QuizApplication.Models", "..\QuizApplication.Models\QuizApplication.Models.csproj", "{00371FCD-775A-4065-8D38-9E17D4CF4606}"
EndProject
Project("{FAE04EC0-301F-11D3-BF4B-00C04F79EFBC}") = "QuizApplication.API", "..\QuizApplication.API\QuizApplication.API.csproj", "{E35E185D-6122-4F98-94FD-F2EF663006BD}"
EndProject
Global
	GlobalSection(SolutionConfigurationPlatforms) = preSolution
		Debug|Any CPU = Debug|Any CPU
		Release|Any CPU = Release|Any CPU
	EndGlobalSection
	GlobalSection(ProjectConfigurationPlatforms) = postSolution
		{9ECB23FF-70B6-4FE4-ADA9-11E33ACE729B}.Debug|Any CPU.ActiveCfg = Debug|Any CPU
		{9ECB23FF-70B6-4FE4-ADA9-11E33ACE729B}.Debug|Any CPU.Build.0 = Debug|Any CPU
		{9ECB23FF-70B6-4FE4-ADA9-11E33ACE729B}.Release|Any CPU.ActiveCfg = Release|Any CPU
		{9ECB23FF-70B6-4FE4-ADA9-11E33ACE729B}.Release|Any CPU.Build.0 = Release|Any CPU
		{00371FCD-775A-4065-8D38-9E17D4CF4606}.Debug|Any CPU.ActiveCfg = Debug|Any CPU
		{00371FCD-775A-4065-8D38-9E17D4CF4606}.Debug|Any CPU.Build.0 = Debug|Any CPU
		{00371FCD-775A-4065-8D38-9E17D4CF4606}.Release|Any CPU.ActiveCfg = Release|Any CPU
		{00371FCD-775A-4065-8D38-9E17D4CF4606}.Release|Any CPU.Build.0 = Release|Any CPU
		{E35E185D-6122-4F98-94FD-F2EF663006BD}.Debug|Any CPU.ActiveCfg = Debug|Any CPU
		{E35E185D-6122-4F98-94FD-F2EF663006BD}.Debug|Any CPU.Build.0 = Debug|Any CPU
		{E35E185D-6122-4F98-94FD-F2EF663006BD}.Release|Any CPU.ActiveCfg = Release|Any CPU
		{E35E185D-6122-4F98-94FD-F2EF663006BD}.Release|Any CPU.Build.0 = Release|Any CPU
	EndGlobalSection
	GlobalSection(SolutionProperties) = preSolution
		HideSolutionNode = FALSE
	EndGlobalSection
	GlobalSection(ExtensibilityGlobals) = postSolution
		SolutionGuid = {54FE11A4-15D9-4FB8-B8EA-082324B95E15}
	EndGlobalSection
EndGlobal
